
Microsoft Visual Studio Solution File, Format Version 12.00
# Visual Studio Version 17
VisualStudioVersion = 17.8.34330.188
MinimumVisualStudioVersion = 10.0.40219.1
Project("{9A19103F-16F7-4668-BE54-9A1E7A4F7556}") = "selection-sort", "selection-sort\selection-sort.csproj", "{FF6913DD-847D-4D64-A80E-8E256BB20250}"
EndProject
Project("{9A19103F-16F7-4668-BE54-9A1E7A4F7556}") = "bubble-sort", "bubble-sort\bubble-sort.csproj", "{C61E8EF2-3D79-47A8-A9DB-8338D519537A}"
EndProject
Project("{FAE04EC0-301F-11D3-BF4B-00C04F79EFBC}") = "insertion-sort", "insertion-sort\insertion-sort.csproj", "{CCD10339-23E2-4A8D-BAFD-E9B71728EB06}"
EndProject
Global
	GlobalSection(SolutionConfigurationPlatforms) = preSolution
		Debug|Any CPU = Debug|Any CPU
		Release|Any CPU = Release|Any CPU
	EndGlobalSection
	GlobalSection(ProjectConfigurationPlatforms) = postSolution
		{FF6913DD-847D-4D64-A80E-8E256BB20250}.Debug|Any CPU.ActiveCfg = Debug|Any CPU
		{FF6913DD-847D-4D64-A80E-8E256BB20250}.Debug|Any CPU.Build.0 = Debug|Any CPU
		{FF6913DD-847D-4D64-A80E-8E256BB20250}.Release|Any CPU.ActiveCfg = Release|Any CPU
		{FF6913DD-847D-4D64-A80E-8E256BB20250}.Release|Any CPU.Build.0 = Release|Any CPU
		{C61E8EF2-3D79-47A8-A9DB-8338D519537A}.Debug|Any CPU.ActiveCfg = Debug|Any CPU
		{C61E8EF2-3D79-47A8-A9DB-8338D519537A}.Debug|Any CPU.Build.0 = Debug|Any CPU
		{C61E8EF2-3D79-47A8-A9DB-8338D519537A}.Release|Any CPU.ActiveCfg = Release|Any CPU
		{C61E8EF2-3D79-47A8-A9DB-8338D519537A}.Release|Any CPU.Build.0 = Release|Any CPU
		{CCD10339-23E2-4A8D-BAFD-E9B71728EB06}.Debug|Any CPU.ActiveCfg = Debug|Any CPU
		{CCD10339-23E2-4A8D-BAFD-E9B71728EB06}.Debug|Any CPU.Build.0 = Debug|Any CPU
		{CCD10339-23E2-4A8D-BAFD-E9B71728EB06}.Release|Any CPU.ActiveCfg = Release|Any CPU
		{CCD10339-23E2-4A8D-BAFD-E9B71728EB06}.Release|Any CPU.Build.0 = Release|Any CPU
	EndGlobalSection
	GlobalSection(SolutionProperties) = preSolution
		HideSolutionNode = FALSE
	EndGlobalSection
	GlobalSection(ExtensibilityGlobals) = postSolution
		SolutionGuid = {78F0A8F1-0AEB-4CAE-B442-6BB5237695F3}
	EndGlobalSection
EndGlobal
